// !$*UTF8*$!
{
	archiveVersion = 1;
	classes = {
	};
	objectVersion = 46;
	objects = {

/* Begin PBXBuildFile section */
		81FE50041D2F0FB000E60F4A /* AppDelegate.swift in Sources */ = {isa = PBXBuildFile; fileRef = 81FE50031D2F0FB000E60F4A /* AppDelegate.swift */; };
		81FE50061D2F0FB000E60F4A /* ViewController.swift in Sources */ = {isa = PBXBuildFile; fileRef = 81FE50051D2F0FB000E60F4A /* ViewController.swift */; };
		81FE50091D2F0FB000E60F4A /* Main.storyboard in Resources */ = {isa = PBXBuildFile; fileRef = 81FE50071D2F0FB000E60F4A /* Main.storyboard */; };
		81FE500B1D2F0FB000E60F4A /* Assets.xcassets in Resources */ = {isa = PBXBuildFile; fileRef = 81FE500A1D2F0FB000E60F4A /* Assets.xcassets */; };
		81FE500E1D2F0FB000E60F4A /* LaunchScreen.storyboard in Resources */ = {isa = PBXBuildFile; fileRef = 81FE500C1D2F0FB000E60F4A /* LaunchScreen.storyboard */; };
		81FE50161D2F117900E60F4A /* bluey.png in Resources */ = {isa = PBXBuildFile; fileRef = 81FE50151D2F117900E60F4A /* bluey.png */; };
		81FE50181D2F118600E60F4A /* red.png in Resources */ = {isa = PBXBuildFile; fileRef = 81FE50171D2F118600E60F4A /* red.png */; };
/* End PBXBuildFile section */

/* Begin PBXFileReference section */
		81FE50001D2F0FB000E60F4A /* redAndBlue.app */ = {isa = PBXFileReference; explicitFileType = wrapper.application; includeInIndex = 0; path = redAndBlue.app; sourceTree = BUILT_PRODUCTS_DIR; };
		81FE50031D2F0FB000E60F4A /* AppDelegate.swift */ = {isa = PBXFileReference; lastKnownFileType = sourcecode.swift; path = AppDelegate.swift; sourceTree = "<group>"; };
		81FE50051D2F0FB000E60F4A /* ViewController.swift */ = {isa = PBXFileReference; lastKnownFileType = sourcecode.swift; path = ViewController.swift; sourceTree = "<group>"; };
		81FE50081D2F0FB000E60F4A /* Base */ = {isa = PBXFileReference; lastKnownFileType = file.storyboard; name = Base; path = Base.lproj/Main.storyboard; sourceTree = "<group>"; };
		81FE500A1D2F0FB000E60F4A /* Assets.xcassets */ = {isa = PBXFileReference; lastKnownFileType = folder.assetcatalog; path = Assets.xcassets; sourceTree = "<group>"; };
		81FE500D1D2F0FB000E60F4A /* Base */ = {isa = PBXFileReference; lastKnownFileType = file.storyboard; name = Base; path = Base.lproj/LaunchScreen.storyboard; sourceTree = "<group>"; };
		81FE500F1D2F0FB000E60F4A /* Info.plist */ = {isa = PBXFileReference; lastKnownFileType = text.plist.xml; path = Info.plist; sourceTree = "<group>"; };
		81FE50151D2F117900E60F4A /* bluey.png */ = {isa = PBXFileReference; lastKnownFileType = image.png; path = bluey.png; sourceTree = "<group>"; };
		81FE50171D2F118600E60F4A /* red.png */ = {isa = PBXFileReference; lastKnownFileType = image.png; path = red.png; sourceTree = "<group>"; };
/* End PBXFileReference section */

/* Begin PBXFrameworksBuildPhase section */
		81FE4FFD1D2F0FB000E60F4A /* Frameworks */ = {
			isa = PBXFrameworksBuildPhase;
			buildActionMask = 2147483647;
			files = (
			);
			runOnlyForDeploymentPostprocessing = 0;
		};
/* End PBXFrameworksBuildPhase section */

/* Begin PBXGroup section */
		81FE4FF71D2F0FB000E60F4A = {
			isa = PBXGroup;
			children = (
				81FE50021D2F0FB000E60F4A /* redAndBlue */,
				81FE50011D2F0FB000E60F4A /* Products */,
			);
			sourceTree = "<group>";
		};
		81FE50011D2F0FB000E60F4A /* Products */ = {
			isa = PBXGroup;
			children = (
				81FE50001D2F0FB000E60F4A /* redAndBlue.app */,
			);
			name = Products;
			sourceTree = "<group>";
		};
		81FE50021D2F0FB000E60F4A /* redAndBlue */ = {
			isa = PBXGroup;
			children = (
				81FE50031D2F0FB000E60F4A /* AppDelegate.swift */,
				81FE50051D2F0FB000E60F4A /* ViewController.swift */,
				81FE50071D2F0FB000E60F4A /* Main.storyboard */,
				81FE50171D2F118600E60F4A /* red.png */,
				81FE50151D2F117900E60F4A /* bluey.png */,
				81FE500A1D2F0FB000E60F4A /* Assets.xcassets */,
				81FE500C1D2F0FB000E60F4A /* LaunchScreen.storyboard */,
				81FE500F1D2F0FB000E60F4A /* Info.plist */,
			);
			path = redAndBlue;
			sourceTree = "<group>";
		};
/* End PBXGroup section */

/* Begin PBXNativeTarget section */
		81FE4FFF1D2F0FB000E60F4A /* redAndBlue */ = {
			isa = PBXNativeTarget;
			buildConfigurationList = 81FE50121D2F0FB000E60F4A /* Build configuration list for PBXNativeTarget "redAndBlue" */;
			buildPhases = (
				81FE4FFC1D2F0FB000E60F4A /* Sources */,
				81FE4FFD1D2F0FB000E60F4A /* Frameworks */,
				81FE4FFE1D2F0FB000E60F4A /* Resources */,
			);
			buildRules = (
			);
			dependencies = (
			);
			name = redAndBlue;
			productName = redAndBlue;
			productReference = 81FE50001D2F0FB000E60F4A /* redAndBlue.app */;
			productType = "com.apple.product-type.application";
		};
/* End PBXNativeTarget section */

/* Begin PBXProject section */
		81FE4FF81D2F0FB000E60F4A /* Project object */ = {
			isa = PBXProject;
			attributes = {
				LastSwiftUpdateCheck = 0730;
				LastUpgradeCheck = 0730;
				ORGANIZATIONNAME = Ecotoonz;
				TargetAttributes = {
					81FE4FFF1D2F0FB000E60F4A = {
						CreatedOnToolsVersion = 7.3.1;
					};
				};
			};
			buildConfigurationList = 81FE4FFB1D2F0FB000E60F4A /* Build configuration list for PBXProject "redAndBlue" */;
			compatibilityVersion = "Xcode 3.2";
			developmentRegion = English;
			hasScannedForEncodings = 0;
			knownRegions = (
				en,
				Base,
			);
			mainGroup = 81FE4FF71D2F0FB000E60F4A;
			productRefGroup = 81FE50011D2F0FB000E60F4A /* Products */;
			projectDirPath = "";
			projectRoot = "";
			targets = (
				81FE4FFF1D2F0FB000E60F4A /* redAndBlue */,
			);
		};
/* End PBXProject section */

/* Begin PBXResourcesBuildPhase section */
		81FE4FFE1D2F0FB000E60F4A /* Resources */ = {
			isa = PBXResourcesBuildPhase;
			buildActionMask = 2147483647;
			files = (
				81FE500E1D2F0FB000E60F4A /* LaunchScreen.storyboard in Resources */,
				81FE50161D2F117900E60F4A /* bluey.png in Resources */,
				81FE500B1D2F0FB000E60F4A /* Assets.xcassets in Resources */,
				81FE50181D2F118600E60F4A /* red.png in Resources */,
				81FE50091D2F0FB000E60F4A /* Main.storyboard in Resources */,
			);
			runOnlyForDeploymentPostprocessing = 0;
		};
/* End PBXResourcesBuildPhase section */

/* Begin PBXSourcesBuildPhase section */
		81FE4FFC1D2F0FB000E60F4A /* Sources */ = {
			isa = PBXSourcesBuildPhase;
			buildActionMask = 2147483647;
			files = (
				81FE50061D2F0FB000E60F4A /* ViewController.swift in Sources */,
				81FE50041D2F0FB000E60F4A /* AppDelegate.swift in Sources */,
			);
			runOnlyForDeploymentPostprocessing = 0;
		};
/* End PBXSourcesBuildPhase section */

/* Begin PBXVariantGroup section */
		81FE50071D2F0FB000E60F4A /* Main.storyboard */ = {
			isa = PBXVariantGroup;
			children = (
				81FE50081D2F0FB000E60F4A /* Base */,
			);
			name = Main.storyboard;
			sourceTree = "<group>";
		};
		81FE500C1D2F0FB000E60F4A /* LaunchScreen.storyboard */ = {
			isa = PBXVariantGroup;
			children = (
				81FE500D1D2F0FB000E60F4A /* Base */,
			);
			name = LaunchScreen.storyboard;
			sourceTree = "<group>";
		};
/* End PBXVariantGroup section */

/* Begin XCBuildConfiguration section */
		81FE50101D2F0FB000E60F4A /* Debug */ = {
			isa = XCBuildConfiguration;
			buildSettings = {
				ALWAYS_SEARCH_USER_PATHS = NO;
				CLANG_ANALYZER_NONNULL = YES;
				CLANG_CXX_LANGUAGE_STANDARD = "gnu++0x";
				CLANG_CXX_LIBRARY = "libc++";
				CLANG_ENABLE_MODULES = YES;
				CLANG_ENABLE_OBJC_ARC = YES;
				CLANG_WARN_BOOL_CONVERSION = YES;
				CLANG_WARN_CONSTANT_CONVERSION = YES;
				CLANG_WARN_DIRECT_OBJC_ISA_USAGE = YES_ERROR;
				CLANG_WARN_EMPTY_BODY = YES;
				CLANG_WARN_ENUM_CONVERSION = YES;
				CLANG_WARN_INT_CONVERSION = YES;
				CLANG_WARN_OBJC_ROOT_CLASS = YES_ERROR;
				CLANG_WARN_UNREACHABLE_CODE = YES;
				CLANG_WARN__DUPLICATE_METHOD_MATCH = YES;
				"CODE_SIGN_IDENTITY[sdk=iphoneos*]" = "iPhone Developer";
				COPY_PHASE_STRIP = NO;
				DEBUG_INFORMATION_FORMAT = dwarf;
				ENABLE_STRICT_OBJC_MSGSEND = YES;
				ENABLE_TESTABILITY = YES;
				GCC_C_LANGUAGE_STANDARD = gnu99;
				GCC_DYNAMIC_NO_PIC = NO;
				GCC_NO_COMMON_BLOCKS = YES;
				GCC_OPTIMIZATION_LEVEL = 0;
				GCC_PREPROCESSOR_DEFINITIONS = (
					"DEBUG=1",
					"$(inherited)",
				);
				GCC_WARN_64_TO_32_BIT_CONVERSION = YES;
				GCC_WARN_ABOUT_RETURN_TYPE = YES_ERROR;
				GCC_WARN_UNDECLARED_SELECTOR = YES;
				GCC_WARN_UNINITIALIZED_AUTOS = YES_AGGRESSIVE;
				GCC_WARN_UNUSED_FUNCTION = YES;
				GCC_WARN_UNUSED_VARIABLE = YES;
				IPHONEOS_DEPLOYMENT_TARGET = 9.3;
				MTL_ENABLE_DEBUG_INFO = YES;
				ONLY_ACTIVE_ARCH = YES;
				SDKROOT = iphoneos;
				SWIFT_OPTIMIZATION_LEVEL = "-Onone";
			};
			name = Debug;
		};
		81FE50111D2F0FB000E60F4A /* Release */ = {
			isa = XCBuildConfiguration;
			buildSettings = {
				ALWAYS_SEARCH_USER_PATHS = NO;
				CLANG_ANALYZER_NONNULL = YES;
				CLANG_CXX_LANGUAGE_STANDARD = "gnu++0x";
				CLANG_CXX_LIBRARY = "libc++";
				CLANG_ENABLE_MODULES = YES;
				CLANG_ENABLE_OBJC_ARC = YES;
				CLANG_WARN_BOOL_CONVERSION = YES;
				CLANG_WARN_CONSTANT_CONVERSION = YES;
				CLANG_WARN_DIRECT_OBJC_ISA_USAGE = YES_ERROR;
				CLANG_WARN_EMPTY_BODY = YES;
				CLANG_WARN_ENUM_CONVERSION = YES;
				CLANG_WARN_INT_CONVERSION = YES;
				CLANG_WARN_OBJC_ROOT_CLASS = YES_ERROR;
				CLANG_WARN_UNREACHABLE_CODE = YES;
				CLANG_WARN__DUPLICATE_METHOD_MATCH = YES;
				"CODE_SIGN_IDENTITY[sdk=iphoneos*]" = "iPhone Developer";
				COPY_PHASE_STRIP = NO;
				DEBUG_INFORMATION_FORMAT = "dwarf-with-dsym";
				ENABLE_NS_ASSERTIONS = NO;
				ENABLE_STRICT_OBJC_MSGSEND = YES;
				GCC_C_LANGUAGE_STANDARD = gnu99;
				GCC_NO_COMMON_BLOCKS = YES;
				GCC_WARN_64_TO_32_BIT_CONVERSION = YES;
				GCC_WARN_ABOUT_RETURN_TYPE = YES_ERROR;
				GCC_WARN_UNDECLARED_SELECTOR = YES;
				GCC_WARN_UNINITIALIZED_AUTOS = YES_AGGRESSIVE;
				GCC_WARN_UNUSED_FUNCTION = YES;
				GCC_WARN_UNUSED_VARIABLE = YES;
				IPHONEOS_DEPLOYMENT_TARGET = 9.3;
				MTL_ENABLE_DEBUG_INFO = NO;
				SDKROOT = iphoneos;
				VALIDATE_PRODUCT = YES;
			};
			name = Release;
		};
		81FE50131D2F0FB000E60F4A /* Debug */ = {
			isa = XCBuildConfiguration;
			buildSettings = {
				ASSETCATALOG_COMPILER_APPICON_NAME = AppIcon;
				INFOPLIST_FILE = redAndBlue/Info.plist;
				LD_RUNPATH_SEARCH_PATHS = "$(inherited) @executable_path/Frameworks";
				PRODUCT_BUNDLE_IDENTIFIER = com.ecotoonz.redAndBlue;
				PRODUCT_NAME = "$(TARGET_NAME)";
			};
			name = Debug;
		};
		81FE50141D2F0FB000E60F4A /* Release */ = {
			isa = XCBuildConfiguration;
			buildSettings = {
				ASSETCATALOG_COMPILER_APPICON_NAME = AppIcon;
				INFOPLIST_FILE = redAndBlue/Info.plist;
				LD_RUNPATH_SEARCH_PATHS = "$(inherited) @executable_path/Frameworks";
				PRODUCT_BUNDLE_IDENTIFIER = com.ecotoonz.redAndBlue;
				PRODUCT_NAME = "$(TARGET_NAME)";
			};
			name = Release;
		};
/* End XCBuildConfiguration section */

/* Begin XCConfigurationList section */
		81FE4FFB1D2F0FB000E60F4A /* Build configuration list for PBXProject "redAndBlue" */ = {
			isa = XCConfigurationList;
			buildConfigurations = (
				81FE50101D2F0FB000E60F4A /* Debug */,
				81FE50111D2F0FB000E60F4A /* Release */,
			);
			defaultConfigurationIsVisible = 0;
			defaultConfigurationName = Release;
		};
		81FE50121D2F0FB000E60F4A /* Build configuration list for PBXNativeTarget "redAndBlue" */ = {
			isa = XCConfigurationList;
			buildConfigurations = (
				81FE50131D2F0FB000E60F4A /* Debug */,
				81FE50141D2F0FB000E60F4A /* Release */,
			);
			defaultConfigurationIsVisible = 0;
		};
/* End XCConfigurationList section */
	};
	rootObject = 81FE4FF81D2F0FB000E60F4A /* Project object */;
}
